
Microsoft Visual Studio Solution File, Format Version 12.00
# Visual Studio Version 17
VisualStudioVersion = 17.4.33213.308
MinimumVisualStudioVersion = 10.0.40219.1
Project("{9A19103F-16F7-4668-BE54-9A1E7A4F7556}") = "Godot Terrain Generator 2", "Godot Terrain Generator 2.csproj", "{C245D688-A937-4E02-9E06-9A9DC6D236DA}"
EndProject
Project("{9A19103F-16F7-4668-BE54-9A1E7A4F7556}") = "TerrainGeneration.Application.TerrainGenerator", "..\TerrainGeneration.Application.TerrainGenerator\TerrainGeneration.Application.TerrainGenerator.csproj", "{677E46FF-D5D8-4A97-8E5A-90746E631D8D}"
EndProject
Project("{9A19103F-16F7-4668-BE54-9A1E7A4F7556}") = "TerrainGeneration.Application.TerrainGenerator.Abstractions", "..\TerrainGeneration.Application.TerrainGenerator.Abstractions\TerrainGeneration.Application.TerrainGenerator.Abstractions.csproj", "{DE813612-E729-46FC-B1CE-1FC0249F5C43}"
EndProject
Project("{9A19103F-16F7-4668-BE54-9A1E7A4F7556}") = "TerrainGeneration.Application.VoxelOctree", "..\TerrainGeneration.Application.VoxelOctree\TerrainGeneration.Application.VoxelOctree.csproj", "{1007F088-A28B-467A-A6B8-47726EDC33A3}"
EndProject
Project("{9A19103F-16F7-4668-BE54-9A1E7A4F7556}") = "TerrainGeneration.Application.VoxelOctree.Abstractions", "..\TerrainGeneration.Application.VoxelOctree.Abstractions\TerrainGeneration.Application.VoxelOctree.Abstractions.csproj", "{4C4FEA5E-0740-4848-A191-1EFA7C823A2A}"
EndProject
Project("{9A19103F-16F7-4668-BE54-9A1E7A4F7556}") = "TerrainGeneration.Utilities", "..\TerrainGeneration.Utilities\TerrainGeneration.Utilities.csproj", "{C54C2239-8279-4726-9320-591458F26A04}"
EndProject
Global
	GlobalSection(SolutionConfigurationPlatforms) = preSolution
		Debug|Any CPU = Debug|Any CPU
		ExportDebug|Any CPU = ExportDebug|Any CPU
		ExportRelease|Any CPU = ExportRelease|Any CPU
		Release|Any CPU = Release|Any CPU
	EndGlobalSection
	GlobalSection(ProjectConfigurationPlatforms) = postSolution
		{C245D688-A937-4E02-9E06-9A9DC6D236DA}.Debug|Any CPU.ActiveCfg = Debug|Any CPU
		{C245D688-A937-4E02-9E06-9A9DC6D236DA}.Debug|Any CPU.Build.0 = Debug|Any CPU
		{C245D688-A937-4E02-9E06-9A9DC6D236DA}.ExportDebug|Any CPU.ActiveCfg = ExportDebug|Any CPU
		{C245D688-A937-4E02-9E06-9A9DC6D236DA}.ExportDebug|Any CPU.Build.0 = ExportDebug|Any CPU
		{C245D688-A937-4E02-9E06-9A9DC6D236DA}.ExportRelease|Any CPU.ActiveCfg = ExportRelease|Any CPU
		{C245D688-A937-4E02-9E06-9A9DC6D236DA}.ExportRelease|Any CPU.Build.0 = ExportRelease|Any CPU
		{C245D688-A937-4E02-9E06-9A9DC6D236DA}.Release|Any CPU.ActiveCfg = ExportRelease|Any CPU
		{C245D688-A937-4E02-9E06-9A9DC6D236DA}.Release|Any CPU.Build.0 = ExportRelease|Any CPU
		{677E46FF-D5D8-4A97-8E5A-90746E631D8D}.Debug|Any CPU.ActiveCfg = Debug|Any CPU
		{677E46FF-D5D8-4A97-8E5A-90746E631D8D}.Debug|Any CPU.Build.0 = Debug|Any CPU
		{677E46FF-D5D8-4A97-8E5A-90746E631D8D}.ExportDebug|Any CPU.ActiveCfg = Debug|Any CPU
		{677E46FF-D5D8-4A97-8E5A-90746E631D8D}.ExportDebug|Any CPU.Build.0 = Debug|Any CPU
		{677E46FF-D5D8-4A97-8E5A-90746E631D8D}.ExportRelease|Any CPU.ActiveCfg = Release|Any CPU
		{677E46FF-D5D8-4A97-8E5A-90746E631D8D}.ExportRelease|Any CPU.Build.0 = Release|Any CPU
		{677E46FF-D5D8-4A97-8E5A-90746E631D8D}.Release|Any CPU.ActiveCfg = Release|Any CPU
		{677E46FF-D5D8-4A97-8E5A-90746E631D8D}.Release|Any CPU.Build.0 = Release|Any CPU
		{DE813612-E729-46FC-B1CE-1FC0249F5C43}.Debug|Any CPU.ActiveCfg = Debug|Any CPU
		{DE813612-E729-46FC-B1CE-1FC0249F5C43}.Debug|Any CPU.Build.0 = Debug|Any CPU
		{DE813612-E729-46FC-B1CE-1FC0249F5C43}.ExportDebug|Any CPU.ActiveCfg = Debug|Any CPU
		{DE813612-E729-46FC-B1CE-1FC0249F5C43}.ExportDebug|Any CPU.Build.0 = Debug|Any CPU
		{DE813612-E729-46FC-B1CE-1FC0249F5C43}.ExportRelease|Any CPU.ActiveCfg = Release|Any CPU
		{DE813612-E729-46FC-B1CE-1FC0249F5C43}.ExportRelease|Any CPU.Build.0 = Release|Any CPU
		{DE813612-E729-46FC-B1CE-1FC0249F5C43}.Release|Any CPU.ActiveCfg = Release|Any CPU
		{DE813612-E729-46FC-B1CE-1FC0249F5C43}.Release|Any CPU.Build.0 = Release|Any CPU
		{1007F088-A28B-467A-A6B8-47726EDC33A3}.Debug|Any CPU.ActiveCfg = Debug|Any CPU
		{1007F088-A28B-467A-A6B8-47726EDC33A3}.Debug|Any CPU.Build.0 = Debug|Any CPU
		{1007F088-A28B-467A-A6B8-47726EDC33A3}.ExportDebug|Any CPU.ActiveCfg = Debug|Any CPU
		{1007F088-A28B-467A-A6B8-47726EDC33A3}.ExportDebug|Any CPU.Build.0 = Debug|Any CPU
		{1007F088-A28B-467A-A6B8-47726EDC33A3}.ExportRelease|Any CPU.ActiveCfg = Release|Any CPU
		{1007F088-A28B-467A-A6B8-47726EDC33A3}.ExportRelease|Any CPU.Build.0 = Release|Any CPU
		{1007F088-A28B-467A-A6B8-47726EDC33A3}.Release|Any CPU.ActiveCfg = Release|Any CPU
		{1007F088-A28B-467A-A6B8-47726EDC33A3}.Release|Any CPU.Build.0 = Release|Any CPU
		{4C4FEA5E-0740-4848-A191-1EFA7C823A2A}.Debug|Any CPU.ActiveCfg = Debug|Any CPU
		{4C4FEA5E-0740-4848-A191-1EFA7C823A2A}.Debug|Any CPU.Build.0 = Debug|Any CPU
		{4C4FEA5E-0740-4848-A191-1EFA7C823A2A}.ExportDebug|Any CPU.ActiveCfg = Debug|Any CPU
		{4C4FEA5E-0740-4848-A191-1EFA7C823A2A}.ExportDebug|Any CPU.Build.0 = Debug|Any CPU
		{4C4FEA5E-0740-4848-A191-1EFA7C823A2A}.ExportRelease|Any CPU.ActiveCfg = Release|Any CPU
		{4C4FEA5E-0740-4848-A191-1EFA7C823A2A}.ExportRelease|Any CPU.Build.0 = Release|Any CPU
		{4C4FEA5E-0740-4848-A191-1EFA7C823A2A}.Release|Any CPU.ActiveCfg = Release|Any CPU
		{4C4FEA5E-0740-4848-A191-1EFA7C823A2A}.Release|Any CPU.Build.0 = Release|Any CPU
		{C54C2239-8279-4726-9320-591458F26A04}.Debug|Any CPU.ActiveCfg = Debug|Any CPU
		{C54C2239-8279-4726-9320-591458F26A04}.Debug|Any CPU.Build.0 = Debug|Any CPU
		{C54C2239-8279-4726-9320-591458F26A04}.ExportDebug|Any CPU.ActiveCfg = Debug|Any CPU
		{C54C2239-8279-4726-9320-591458F26A04}.ExportDebug|Any CPU.Build.0 = Debug|Any CPU
		{C54C2239-8279-4726-9320-591458F26A04}.ExportRelease|Any CPU.ActiveCfg = Release|Any CPU
		{C54C2239-8279-4726-9320-591458F26A04}.ExportRelease|Any CPU.Build.0 = Release|Any CPU
		{C54C2239-8279-4726-9320-591458F26A04}.Release|Any CPU.ActiveCfg = Release|Any CPU
		{C54C2239-8279-4726-9320-591458F26A04}.Release|Any CPU.Build.0 = Release|Any CPU
	EndGlobalSection
	GlobalSection(SolutionProperties) = preSolution
		HideSolutionNode = FALSE
	EndGlobalSection
	GlobalSection(ExtensibilityGlobals) = postSolution
		SolutionGuid = {2F863C95-9459-4E59-9109-9D000FBE5658}
	EndGlobalSection
EndGlobal
